
Microsoft Visual Studio Solution File, Format Version 12.00
# Visual Studio Version 17
VisualStudioVersion = 17.4.33122.133
MinimumVisualStudioVersion = 10.0.40219.1
Project("{FAE04EC0-301F-11D3-BF4B-00C04F79EFBC}") = "MinMaxCalculator", "MinMaxCalculator.csproj", "{B777A2BC-18E9-4095-AA37-D098E0F207DC}"
EndProject
Global
	GlobalSection(SolutionConfigurationPlatforms) = preSolution
		Debug|Any CPU = Debug|Any CPU
		Release|Any CPU = Release|Any CPU
	EndGlobalSection
	GlobalSection(ProjectConfigurationPlatforms) = postSolution
		{B777A2BC-18E9-4095-AA37-D098E0F207DC}.Debug|Any CPU.ActiveCfg = Debug|Any CPU
		{B777A2BC-18E9-4095-AA37-D098E0F207DC}.Debug|Any CPU.Build.0 = Debug|Any CPU
		{B777A2BC-18E9-4095-AA37-D098E0F207DC}.Release|Any CPU.ActiveCfg = Release|Any CPU
		{B777A2BC-18E9-4095-AA37-D098E0F207DC}.Release|Any CPU.Build.0 = Release|Any CPU
	EndGlobalSection
	GlobalSection(SolutionProperties) = preSolution
		HideSolutionNode = FALSE
	EndGlobalSection
	GlobalSection(ExtensibilityGlobals) = postSolution
		SolutionGuid = {FF859FA2-D871-4BF6-9765-B63807F39D8B}
	EndGlobalSection
EndGlobal
